
Microsoft Visual Studio Solution File, Format Version 12.00
# Visual Studio Version 17
VisualStudioVersion = 17.13.35913.81 d17.13
MinimumVisualStudioVersion = 10.0.40219.1
Project("{FAE04EC0-301F-11D3-BF4B-00C04F79EFBC}") = "Calculator", "Calculator.csproj", "{33648239-9D12-4F66-A3E3-84A3B9FA6533}"
EndProject
Global
	GlobalSection(SolutionConfigurationPlatforms) = preSolution
		Debug|Any CPU = Debug|Any CPU
		Release|Any CPU = Release|Any CPU
	EndGlobalSection
	GlobalSection(ProjectConfigurationPlatforms) = postSolution
		{33648239-9D12-4F66-A3E3-84A3B9FA6533}.Debug|Any CPU.ActiveCfg = Debug|Any CPU
		{33648239-9D12-4F66-A3E3-84A3B9FA6533}.Debug|Any CPU.Build.0 = Debug|Any CPU
		{33648239-9D12-4F66-A3E3-84A3B9FA6533}.Release|Any CPU.ActiveCfg = Release|Any CPU
		{33648239-9D12-4F66-A3E3-84A3B9FA6533}.Release|Any CPU.Build.0 = Release|Any CPU
	EndGlobalSection
	GlobalSection(SolutionProperties) = preSolution
		HideSolutionNode = FALSE
	EndGlobalSection
	GlobalSection(ExtensibilityGlobals) = postSolution
		SolutionGuid = {4B3F88BC-4ACF-410E-8B9B-A7A4B00F37B8}
	EndGlobalSection
EndGlobal
